
Microsoft Visual Studio Solution File, Format Version 12.00
# Visual Studio 15
VisualStudioVersion = 15.0.27703.2000
MinimumVisualStudioVersion = 10.0.40219.1
Project("{FAE04EC0-301F-11D3-BF4B-00C04F79EFBC}") = "ZedGraphHelper", "ZedGraphHelper\ZedGraphHelper.csproj", "{098FB10F-1BA4-4F27-BC2C-C287061C7D60}"
EndProject
Project("{FAE04EC0-301F-11D3-BF4B-00C04F79EFBC}") = "Utilities", "..\Utilities\Utilities\Utilities.csproj", "{B76D158D-0AD4-4656-848B-2B33E2684E08}"
EndProject
Project("{FAE04EC0-301F-11D3-BF4B-00C04F79EFBC}") = "Vectors", "..\Vectors\Vectors.csproj", "{839C7D8A-8283-4969-95DD-5E961AA9F922}"
EndProject
Global
	GlobalSection(SolutionConfigurationPlatforms) = preSolution
		Debug|Any CPU = Debug|Any CPU
		Release|Any CPU = Release|Any CPU
	EndGlobalSection
	GlobalSection(ProjectConfigurationPlatforms) = postSolution
		{098FB10F-1BA4-4F27-BC2C-C287061C7D60}.Debug|Any CPU.ActiveCfg = Debug|Any CPU
		{098FB10F-1BA4-4F27-BC2C-C287061C7D60}.Debug|Any CPU.Build.0 = Debug|Any CPU
		{098FB10F-1BA4-4F27-BC2C-C287061C7D60}.Release|Any CPU.ActiveCfg = Release|Any CPU
		{098FB10F-1BA4-4F27-BC2C-C287061C7D60}.Release|Any CPU.Build.0 = Release|Any CPU
		{B76D158D-0AD4-4656-848B-2B33E2684E08}.Debug|Any CPU.ActiveCfg = Debug|Any CPU
		{B76D158D-0AD4-4656-848B-2B33E2684E08}.Debug|Any CPU.Build.0 = Debug|Any CPU
		{B76D158D-0AD4-4656-848B-2B33E2684E08}.Release|Any CPU.ActiveCfg = Release|Any CPU
		{B76D158D-0AD4-4656-848B-2B33E2684E08}.Release|Any CPU.Build.0 = Release|Any CPU
		{839C7D8A-8283-4969-95DD-5E961AA9F922}.Debug|Any CPU.ActiveCfg = Debug|Any CPU
		{839C7D8A-8283-4969-95DD-5E961AA9F922}.Debug|Any CPU.Build.0 = Debug|Any CPU
		{839C7D8A-8283-4969-95DD-5E961AA9F922}.Release|Any CPU.ActiveCfg = Release|Any CPU
		{839C7D8A-8283-4969-95DD-5E961AA9F922}.Release|Any CPU.Build.0 = Release|Any CPU
	EndGlobalSection
	GlobalSection(SolutionProperties) = preSolution
		HideSolutionNode = FALSE
	EndGlobalSection
	GlobalSection(ExtensibilityGlobals) = postSolution
		SolutionGuid = {0CEAE4F5-D965-432E-BAB4-0CE5249954E7}
	EndGlobalSection
EndGlobal
