
Microsoft Visual Studio Solution File, Format Version 12.00
# Visual Studio Version 16
VisualStudioVersion = 16.0.29926.136
MinimumVisualStudioVersion = 10.0.40219.1
Project("{FAE04EC0-301F-11D3-BF4B-00C04F79EFBC}") = "GeneralPurposeLibs", "GeneralPurposeLibs\GeneralPurposeLibs.csproj", "{370B8217-1DF0-4481-8437-EEF8E2CC2A78}"
EndProject
Global
	GlobalSection(SolutionConfigurationPlatforms) = preSolution
		Debug|Any CPU = Debug|Any CPU
		Release|Any CPU = Release|Any CPU
	EndGlobalSection
	GlobalSection(ProjectConfigurationPlatforms) = postSolution
		{370B8217-1DF0-4481-8437-EEF8E2CC2A78}.Debug|Any CPU.ActiveCfg = Debug|Any CPU
		{370B8217-1DF0-4481-8437-EEF8E2CC2A78}.Debug|Any CPU.Build.0 = Debug|Any CPU
		{370B8217-1DF0-4481-8437-EEF8E2CC2A78}.Release|Any CPU.ActiveCfg = Release|Any CPU
		{370B8217-1DF0-4481-8437-EEF8E2CC2A78}.Release|Any CPU.Build.0 = Release|Any CPU
	EndGlobalSection
	GlobalSection(SolutionProperties) = preSolution
		HideSolutionNode = FALSE
	EndGlobalSection
	GlobalSection(ExtensibilityGlobals) = postSolution
		SolutionGuid = {4D931DB5-3064-42F3-95C8-FAD45ADCCFAC}
	EndGlobalSection
EndGlobal
