
Microsoft Visual Studio Solution File, Format Version 12.00
# Visual Studio Version 16
VisualStudioVersion = 16.0.29926.136
MinimumVisualStudioVersion = 10.0.40219.1
Project("{2150E333-8FDC-42A3-9474-1A3956D46DE8}") = "UtilitiesAndHelpers", "UtilitiesAndHelpers", "{F29FDC4B-C874-4A5B-B15B-BF2973422166}"
EndProject
Project("{2150E333-8FDC-42A3-9474-1A3956D46DE8}") = "DataStructures", "DataStructures", "{1DD3C6B1-838E-4036-81DA-CBAB517D0C29}"
EndProject
Project("{FAE04EC0-301F-11D3-BF4B-00C04F79EFBC}") = "MyMath", "Math\MyMath.csproj", "{2C294CA8-86E0-4C30-93B7-16CD6A9AA2BF}"
EndProject
Project("{FAE04EC0-301F-11D3-BF4B-00C04F79EFBC}") = "MyMathTests", "MyMathTests\MyMathTests.csproj", "{0B863E2D-CFF9-4E75-91CC-EA932EDE0030}"
EndProject
Project("{2150E333-8FDC-42A3-9474-1A3956D46DE8}") = "Specific", "Specific", "{20CE1A05-8903-4B60-AFB1-A14CC5C85B74}"
EndProject
Project("{FAE04EC0-301F-11D3-BF4B-00C04F79EFBC}") = "WinFormsUtilities", "WinFormsUtilities\WinFormsUtilities.csproj", "{5DDB00F0-9EBC-4FD3-B71F-541E9CC3EF29}"
EndProject
Project("{FAE04EC0-301F-11D3-BF4B-00C04F79EFBC}") = "TestConsole", "TestConsole\TestConsole.csproj", "{5A712595-BC5A-43DD-A5AC-047E4316836E}"
EndProject
Project("{FAE04EC0-301F-11D3-BF4B-00C04F79EFBC}") = "ScriptingUtilities", "ScriptingUtilities\ScriptingUtilities.csproj", "{A0B8D6EB-11E5-4A32-A639-9AD82DD01421}"
EndProject
Project("{FAE04EC0-301F-11D3-BF4B-00C04F79EFBC}") = "TestLib", "TestLib\TestLib.csproj", "{C1D64F69-4E1B-428C-A0E6-127DE6C454B8}"
EndProject
Project("{FAE04EC0-301F-11D3-BF4B-00C04F79EFBC}") = "RichColor", "RichColor\RichColor.csproj", "{1E8866A7-C4E0-4FC7-BECC-5FD3A605F57B}"
EndProject
Project("{FAE04EC0-301F-11D3-BF4B-00C04F79EFBC}") = "INIUtils", "INIUtils\INIUtils\INIUtils.csproj", "{DC0760D3-6D6C-4507-A71C-133CE19103B0}"
EndProject
Project("{FAE04EC0-301F-11D3-BF4B-00C04F79EFBC}") = "INIUtilsTests", "INIUtils\INIUtilsTests\INIUtilsTests.csproj", "{E1321A94-BB60-438D-967A-6817F74C847E}"
EndProject
Project("{FAE04EC0-301F-11D3-BF4B-00C04F79EFBC}") = "CSVLib", "CSVLib\CSVLib\CSVLib.csproj", "{CACD20EC-F9F7-4920-98CA-E3DA1B51BF75}"
EndProject
Project("{FAE04EC0-301F-11D3-BF4B-00C04F79EFBC}") = "TinyConfig", "..\TinyConfig\TinyConfig\TinyConfig.csproj", "{05BDF1D9-7BEA-4711-AB5A-115A35CEBF6C}"
EndProject
Project("{FAE04EC0-301F-11D3-BF4B-00C04F79EFBC}") = "TinyConfigTests", "..\TinyConfig\TinyConfigTests\TinyConfigTests.csproj", "{87F4E910-D4DA-478D-956F-83737EC6A6D5}"
EndProject
Project("{FAE04EC0-301F-11D3-BF4B-00C04F79EFBC}") = "WPFControls", "WPFControls\WPFControls.csproj", "{A927CB69-79E4-4D12-9C24-86C70530727A}"
EndProject
Project("{FAE04EC0-301F-11D3-BF4B-00C04F79EFBC}") = "Log4NetUtils", "Log4NetUtils\Log4NetUtils.csproj", "{EE411C21-A9AB-41C5-9C68-0C09678CCBB2}"
EndProject
Project("{FAE04EC0-301F-11D3-BF4B-00C04F79EFBC}") = "Utilities", "Utilities\Utilities\Utilities.csproj", "{B76D158D-0AD4-4656-848B-2B33E2684E08}"
EndProject
Project("{FAE04EC0-301F-11D3-BF4B-00C04F79EFBC}") = "UtilitiesTests", "Utilities\UtilitiesTests\UtilitiesTests.csproj", "{F6F6E037-C868-4150-B1CD-D2ED815EE394}"
EndProject
Project("{FAE04EC0-301F-11D3-BF4B-00C04F79EFBC}") = "DSPTests", "DSPLib\DSPTests\DSPTests.csproj", "{A5D20456-7503-430F-9A93-30644ABCF2CD}"
EndProject
Project("{FAE04EC0-301F-11D3-BF4B-00C04F79EFBC}") = "Logger", "Logger\Logger.csproj", "{5E0A9736-B0D0-476F-B5B0-FDD56E3ABC33}"
EndProject
Project("{9A19103F-16F7-4668-BE54-9A1E7A4F7556}") = "VectorsStandard", "Vectors\VectorsStandard\VectorsStandard.csproj", "{D94BC552-7691-4EC1-BDC7-E00CD759AB30}"
EndProject
Project("{FAE04EC0-301F-11D3-BF4B-00C04F79EFBC}") = "VectorsTests", "Vectors\VectorsTests\VectorsTests.csproj", "{2DF8739A-B0F1-4D64-AC0D-20FAB8027ADD}"
EndProject
Project("{9A19103F-16F7-4668-BE54-9A1E7A4F7556}") = "UtilitiesStandard.Emit", "Utilities\UtilitiesStandard.Emit\UtilitiesStandard.Emit.csproj", "{48F7E186-0420-417A-9E2F-6F125114C1E8}"
EndProject
Project("{9A19103F-16F7-4668-BE54-9A1E7A4F7556}") = "UtilitiesStandard.ASPCore", "Utilities\UtilitiesStandard.ASPCore\UtilitiesStandard.ASPCore.csproj", "{533C7443-13F6-4778-A328-0311BD366938}"
EndProject
Project("{9A19103F-16F7-4668-BE54-9A1E7A4F7556}") = "UtilitiesStandard", "Utilities\UtilitiesStandard\UtilitiesStandard.csproj", "{5ADFC537-9FE7-40E1-9F1D-4F4004DCA642}"
EndProject
Global
	GlobalSection(SolutionConfigurationPlatforms) = preSolution
		Debug|Any CPU = Debug|Any CPU
		Release|Any CPU = Release|Any CPU
	EndGlobalSection
	GlobalSection(ProjectConfigurationPlatforms) = postSolution
		{2C294CA8-86E0-4C30-93B7-16CD6A9AA2BF}.Debug|Any CPU.ActiveCfg = Debug|Any CPU
		{2C294CA8-86E0-4C30-93B7-16CD6A9AA2BF}.Debug|Any CPU.Build.0 = Debug|Any CPU
		{2C294CA8-86E0-4C30-93B7-16CD6A9AA2BF}.Release|Any CPU.ActiveCfg = Release|Any CPU
		{2C294CA8-86E0-4C30-93B7-16CD6A9AA2BF}.Release|Any CPU.Build.0 = Release|Any CPU
		{0B863E2D-CFF9-4E75-91CC-EA932EDE0030}.Debug|Any CPU.ActiveCfg = Debug|Any CPU
		{0B863E2D-CFF9-4E75-91CC-EA932EDE0030}.Debug|Any CPU.Build.0 = Debug|Any CPU
		{0B863E2D-CFF9-4E75-91CC-EA932EDE0030}.Release|Any CPU.ActiveCfg = Release|Any CPU
		{0B863E2D-CFF9-4E75-91CC-EA932EDE0030}.Release|Any CPU.Build.0 = Release|Any CPU
		{5DDB00F0-9EBC-4FD3-B71F-541E9CC3EF29}.Debug|Any CPU.ActiveCfg = Debug|Any CPU
		{5DDB00F0-9EBC-4FD3-B71F-541E9CC3EF29}.Debug|Any CPU.Build.0 = Debug|Any CPU
		{5DDB00F0-9EBC-4FD3-B71F-541E9CC3EF29}.Release|Any CPU.ActiveCfg = Release|Any CPU
		{5DDB00F0-9EBC-4FD3-B71F-541E9CC3EF29}.Release|Any CPU.Build.0 = Release|Any CPU
		{5A712595-BC5A-43DD-A5AC-047E4316836E}.Debug|Any CPU.ActiveCfg = Debug|Any CPU
		{5A712595-BC5A-43DD-A5AC-047E4316836E}.Debug|Any CPU.Build.0 = Debug|Any CPU
		{5A712595-BC5A-43DD-A5AC-047E4316836E}.Release|Any CPU.ActiveCfg = Release|Any CPU
		{5A712595-BC5A-43DD-A5AC-047E4316836E}.Release|Any CPU.Build.0 = Release|Any CPU
		{A0B8D6EB-11E5-4A32-A639-9AD82DD01421}.Debug|Any CPU.ActiveCfg = Debug|Any CPU
		{A0B8D6EB-11E5-4A32-A639-9AD82DD01421}.Debug|Any CPU.Build.0 = Debug|Any CPU
		{A0B8D6EB-11E5-4A32-A639-9AD82DD01421}.Release|Any CPU.ActiveCfg = Release|Any CPU
		{A0B8D6EB-11E5-4A32-A639-9AD82DD01421}.Release|Any CPU.Build.0 = Release|Any CPU
		{C1D64F69-4E1B-428C-A0E6-127DE6C454B8}.Debug|Any CPU.ActiveCfg = Debug|Any CPU
		{C1D64F69-4E1B-428C-A0E6-127DE6C454B8}.Debug|Any CPU.Build.0 = Debug|Any CPU
		{C1D64F69-4E1B-428C-A0E6-127DE6C454B8}.Release|Any CPU.ActiveCfg = Release|Any CPU
		{C1D64F69-4E1B-428C-A0E6-127DE6C454B8}.Release|Any CPU.Build.0 = Release|Any CPU
		{1E8866A7-C4E0-4FC7-BECC-5FD3A605F57B}.Debug|Any CPU.ActiveCfg = Debug|Any CPU
		{1E8866A7-C4E0-4FC7-BECC-5FD3A605F57B}.Debug|Any CPU.Build.0 = Debug|Any CPU
		{1E8866A7-C4E0-4FC7-BECC-5FD3A605F57B}.Release|Any CPU.ActiveCfg = Release|Any CPU
		{1E8866A7-C4E0-4FC7-BECC-5FD3A605F57B}.Release|Any CPU.Build.0 = Release|Any CPU
		{DC0760D3-6D6C-4507-A71C-133CE19103B0}.Debug|Any CPU.ActiveCfg = Debug|Any CPU
		{DC0760D3-6D6C-4507-A71C-133CE19103B0}.Debug|Any CPU.Build.0 = Debug|Any CPU
		{DC0760D3-6D6C-4507-A71C-133CE19103B0}.Release|Any CPU.ActiveCfg = Release|Any CPU
		{DC0760D3-6D6C-4507-A71C-133CE19103B0}.Release|Any CPU.Build.0 = Release|Any CPU
		{E1321A94-BB60-438D-967A-6817F74C847E}.Debug|Any CPU.ActiveCfg = Debug|Any CPU
		{E1321A94-BB60-438D-967A-6817F74C847E}.Debug|Any CPU.Build.0 = Debug|Any CPU
		{E1321A94-BB60-438D-967A-6817F74C847E}.Release|Any CPU.ActiveCfg = Release|Any CPU
		{E1321A94-BB60-438D-967A-6817F74C847E}.Release|Any CPU.Build.0 = Release|Any CPU
		{CACD20EC-F9F7-4920-98CA-E3DA1B51BF75}.Debug|Any CPU.ActiveCfg = Debug|Any CPU
		{CACD20EC-F9F7-4920-98CA-E3DA1B51BF75}.Debug|Any CPU.Build.0 = Debug|Any CPU
		{CACD20EC-F9F7-4920-98CA-E3DA1B51BF75}.Release|Any CPU.ActiveCfg = Release|Any CPU
		{CACD20EC-F9F7-4920-98CA-E3DA1B51BF75}.Release|Any CPU.Build.0 = Release|Any CPU
		{05BDF1D9-7BEA-4711-AB5A-115A35CEBF6C}.Debug|Any CPU.ActiveCfg = Debug|Any CPU
		{05BDF1D9-7BEA-4711-AB5A-115A35CEBF6C}.Debug|Any CPU.Build.0 = Debug|Any CPU
		{05BDF1D9-7BEA-4711-AB5A-115A35CEBF6C}.Release|Any CPU.ActiveCfg = Release|Any CPU
		{05BDF1D9-7BEA-4711-AB5A-115A35CEBF6C}.Release|Any CPU.Build.0 = Release|Any CPU
		{87F4E910-D4DA-478D-956F-83737EC6A6D5}.Debug|Any CPU.ActiveCfg = Debug|Any CPU
		{87F4E910-D4DA-478D-956F-83737EC6A6D5}.Debug|Any CPU.Build.0 = Debug|Any CPU
		{87F4E910-D4DA-478D-956F-83737EC6A6D5}.Release|Any CPU.ActiveCfg = Release|Any CPU
		{87F4E910-D4DA-478D-956F-83737EC6A6D5}.Release|Any CPU.Build.0 = Release|Any CPU
		{A927CB69-79E4-4D12-9C24-86C70530727A}.Debug|Any CPU.ActiveCfg = Debug|Any CPU
		{A927CB69-79E4-4D12-9C24-86C70530727A}.Debug|Any CPU.Build.0 = Debug|Any CPU
		{A927CB69-79E4-4D12-9C24-86C70530727A}.Release|Any CPU.ActiveCfg = Release|Any CPU
		{A927CB69-79E4-4D12-9C24-86C70530727A}.Release|Any CPU.Build.0 = Release|Any CPU
		{EE411C21-A9AB-41C5-9C68-0C09678CCBB2}.Debug|Any CPU.ActiveCfg = Debug|Any CPU
		{EE411C21-A9AB-41C5-9C68-0C09678CCBB2}.Debug|Any CPU.Build.0 = Debug|Any CPU
		{EE411C21-A9AB-41C5-9C68-0C09678CCBB2}.Release|Any CPU.ActiveCfg = Release|Any CPU
		{EE411C21-A9AB-41C5-9C68-0C09678CCBB2}.Release|Any CPU.Build.0 = Release|Any CPU
		{B76D158D-0AD4-4656-848B-2B33E2684E08}.Debug|Any CPU.ActiveCfg = Debug|Any CPU
		{B76D158D-0AD4-4656-848B-2B33E2684E08}.Debug|Any CPU.Build.0 = Debug|Any CPU
		{B76D158D-0AD4-4656-848B-2B33E2684E08}.Release|Any CPU.ActiveCfg = Release|Any CPU
		{B76D158D-0AD4-4656-848B-2B33E2684E08}.Release|Any CPU.Build.0 = Release|Any CPU
		{F6F6E037-C868-4150-B1CD-D2ED815EE394}.Debug|Any CPU.ActiveCfg = Debug|Any CPU
		{F6F6E037-C868-4150-B1CD-D2ED815EE394}.Debug|Any CPU.Build.0 = Debug|Any CPU
		{F6F6E037-C868-4150-B1CD-D2ED815EE394}.Release|Any CPU.ActiveCfg = Release|Any CPU
		{F6F6E037-C868-4150-B1CD-D2ED815EE394}.Release|Any CPU.Build.0 = Release|Any CPU
		{A5D20456-7503-430F-9A93-30644ABCF2CD}.Debug|Any CPU.ActiveCfg = Debug|Any CPU
		{A5D20456-7503-430F-9A93-30644ABCF2CD}.Debug|Any CPU.Build.0 = Debug|Any CPU
		{A5D20456-7503-430F-9A93-30644ABCF2CD}.Release|Any CPU.ActiveCfg = Release|Any CPU
		{A5D20456-7503-430F-9A93-30644ABCF2CD}.Release|Any CPU.Build.0 = Release|Any CPU
		{5E0A9736-B0D0-476F-B5B0-FDD56E3ABC33}.Debug|Any CPU.ActiveCfg = Debug|Any CPU
		{5E0A9736-B0D0-476F-B5B0-FDD56E3ABC33}.Debug|Any CPU.Build.0 = Debug|Any CPU
		{5E0A9736-B0D0-476F-B5B0-FDD56E3ABC33}.Release|Any CPU.ActiveCfg = Release|Any CPU
		{5E0A9736-B0D0-476F-B5B0-FDD56E3ABC33}.Release|Any CPU.Build.0 = Release|Any CPU
		{D94BC552-7691-4EC1-BDC7-E00CD759AB30}.Debug|Any CPU.ActiveCfg = Debug|Any CPU
		{D94BC552-7691-4EC1-BDC7-E00CD759AB30}.Debug|Any CPU.Build.0 = Debug|Any CPU
		{D94BC552-7691-4EC1-BDC7-E00CD759AB30}.Release|Any CPU.ActiveCfg = Release|Any CPU
		{D94BC552-7691-4EC1-BDC7-E00CD759AB30}.Release|Any CPU.Build.0 = Release|Any CPU
		{2DF8739A-B0F1-4D64-AC0D-20FAB8027ADD}.Debug|Any CPU.ActiveCfg = Debug|Any CPU
		{2DF8739A-B0F1-4D64-AC0D-20FAB8027ADD}.Debug|Any CPU.Build.0 = Debug|Any CPU
		{2DF8739A-B0F1-4D64-AC0D-20FAB8027ADD}.Release|Any CPU.ActiveCfg = Release|Any CPU
		{2DF8739A-B0F1-4D64-AC0D-20FAB8027ADD}.Release|Any CPU.Build.0 = Release|Any CPU
		{48F7E186-0420-417A-9E2F-6F125114C1E8}.Debug|Any CPU.ActiveCfg = Debug|Any CPU
		{48F7E186-0420-417A-9E2F-6F125114C1E8}.Debug|Any CPU.Build.0 = Debug|Any CPU
		{48F7E186-0420-417A-9E2F-6F125114C1E8}.Release|Any CPU.ActiveCfg = Release|Any CPU
		{48F7E186-0420-417A-9E2F-6F125114C1E8}.Release|Any CPU.Build.0 = Release|Any CPU
		{533C7443-13F6-4778-A328-0311BD366938}.Debug|Any CPU.ActiveCfg = Debug|Any CPU
		{533C7443-13F6-4778-A328-0311BD366938}.Debug|Any CPU.Build.0 = Debug|Any CPU
		{533C7443-13F6-4778-A328-0311BD366938}.Release|Any CPU.ActiveCfg = Release|Any CPU
		{533C7443-13F6-4778-A328-0311BD366938}.Release|Any CPU.Build.0 = Release|Any CPU
		{5ADFC537-9FE7-40E1-9F1D-4F4004DCA642}.Debug|Any CPU.ActiveCfg = Debug|Any CPU
		{5ADFC537-9FE7-40E1-9F1D-4F4004DCA642}.Debug|Any CPU.Build.0 = Debug|Any CPU
		{5ADFC537-9FE7-40E1-9F1D-4F4004DCA642}.Release|Any CPU.ActiveCfg = Release|Any CPU
		{5ADFC537-9FE7-40E1-9F1D-4F4004DCA642}.Release|Any CPU.Build.0 = Release|Any CPU
	EndGlobalSection
	GlobalSection(SolutionProperties) = preSolution
		HideSolutionNode = FALSE
	EndGlobalSection
	GlobalSection(NestedProjects) = preSolution
		{2C294CA8-86E0-4C30-93B7-16CD6A9AA2BF} = {F29FDC4B-C874-4A5B-B15B-BF2973422166}
		{0B863E2D-CFF9-4E75-91CC-EA932EDE0030} = {F29FDC4B-C874-4A5B-B15B-BF2973422166}
		{5DDB00F0-9EBC-4FD3-B71F-541E9CC3EF29} = {20CE1A05-8903-4B60-AFB1-A14CC5C85B74}
		{A0B8D6EB-11E5-4A32-A639-9AD82DD01421} = {F29FDC4B-C874-4A5B-B15B-BF2973422166}
		{C1D64F69-4E1B-428C-A0E6-127DE6C454B8} = {F29FDC4B-C874-4A5B-B15B-BF2973422166}
		{1E8866A7-C4E0-4FC7-BECC-5FD3A605F57B} = {1DD3C6B1-838E-4036-81DA-CBAB517D0C29}
		{DC0760D3-6D6C-4507-A71C-133CE19103B0} = {20CE1A05-8903-4B60-AFB1-A14CC5C85B74}
		{E1321A94-BB60-438D-967A-6817F74C847E} = {20CE1A05-8903-4B60-AFB1-A14CC5C85B74}
		{CACD20EC-F9F7-4920-98CA-E3DA1B51BF75} = {20CE1A05-8903-4B60-AFB1-A14CC5C85B74}
		{05BDF1D9-7BEA-4711-AB5A-115A35CEBF6C} = {20CE1A05-8903-4B60-AFB1-A14CC5C85B74}
		{87F4E910-D4DA-478D-956F-83737EC6A6D5} = {20CE1A05-8903-4B60-AFB1-A14CC5C85B74}
		{A927CB69-79E4-4D12-9C24-86C70530727A} = {20CE1A05-8903-4B60-AFB1-A14CC5C85B74}
		{EE411C21-A9AB-41C5-9C68-0C09678CCBB2} = {20CE1A05-8903-4B60-AFB1-A14CC5C85B74}
		{B76D158D-0AD4-4656-848B-2B33E2684E08} = {F29FDC4B-C874-4A5B-B15B-BF2973422166}
		{F6F6E037-C868-4150-B1CD-D2ED815EE394} = {F29FDC4B-C874-4A5B-B15B-BF2973422166}
		{5E0A9736-B0D0-476F-B5B0-FDD56E3ABC33} = {20CE1A05-8903-4B60-AFB1-A14CC5C85B74}
		{D94BC552-7691-4EC1-BDC7-E00CD759AB30} = {1DD3C6B1-838E-4036-81DA-CBAB517D0C29}
		{2DF8739A-B0F1-4D64-AC0D-20FAB8027ADD} = {1DD3C6B1-838E-4036-81DA-CBAB517D0C29}
		{48F7E186-0420-417A-9E2F-6F125114C1E8} = {F29FDC4B-C874-4A5B-B15B-BF2973422166}
		{533C7443-13F6-4778-A328-0311BD366938} = {F29FDC4B-C874-4A5B-B15B-BF2973422166}
		{5ADFC537-9FE7-40E1-9F1D-4F4004DCA642} = {F29FDC4B-C874-4A5B-B15B-BF2973422166}
	EndGlobalSection
	GlobalSection(ExtensibilityGlobals) = postSolution
		SolutionGuid = {640BE08C-AD06-4D71-A357-E588EF122211}
	EndGlobalSection
EndGlobal
